// !$*UTF8*$!
{
	archiveVersion = 1;
	classes = {
	};
	objectVersion = 48;
	objects = {

/* Begin PBXBuildFile section */
		574C2BDC47753737B3BCE41B /* Pods_SocialMedia.framework in Frameworks */ = {isa = PBXBuildFile; fileRef = F1E95E93F37B55D89CE45D30 /* Pods_SocialMedia.framework */; };
		BE1CEB2420EEE9F700B78FD7 /* AppDelegate.swift in Sources */ = {isa = PBXBuildFile; fileRef = BE1CEB2320EEE9F700B78FD7 /* AppDelegate.swift */; };
		BE1CEB2620EEE9F700B78FD7 /* SignInVC.swift in Sources */ = {isa = PBXBuildFile; fileRef = BE1CEB2520EEE9F700B78FD7 /* SignInVC.swift */; };
		BE1CEB2920EEE9F700B78FD7 /* Main.storyboard in Resources */ = {isa = PBXBuildFile; fileRef = BE1CEB2720EEE9F700B78FD7 /* Main.storyboard */; };
		BE1CEB2E20EEE9F700B78FD7 /* LaunchScreen.storyboard in Resources */ = {isa = PBXBuildFile; fileRef = BE1CEB2C20EEE9F700B78FD7 /* LaunchScreen.storyboard */; };
		BE1CEB3620EEEAAA00B78FD7 /* GoogleService-Info.plist in Resources */ = {isa = PBXBuildFile; fileRef = BE1CEB3520EEEAAA00B78FD7 /* GoogleService-Info.plist */; };
		BEA37428210976BD00692FCA /* CircleView.swift in Sources */ = {isa = PBXBuildFile; fileRef = BEA37427210976BD00692FCA /* CircleView.swift */; };
		BEA3742C21098A0000692FCA /* PostingCell.swift in Sources */ = {isa = PBXBuildFile; fileRef = BEA3742B21098A0000692FCA /* PostingCell.swift */; };
		BEAA80722106C18C001A2675 /* TimeLineVC.swift in Sources */ = {isa = PBXBuildFile; fileRef = BEAA80712106C18C001A2675 /* TimeLineVC.swift */; };
		BEB4748920F0808700CADE67 /* Assets.xcassets in Resources */ = {isa = PBXBuildFile; fileRef = BEB4748820F0808700CADE67 /* Assets.xcassets */; };
		BEB4748F20F08C5D00CADE67 /* CleanView.swift in Sources */ = {isa = PBXBuildFile; fileRef = BEB4748E20F08C5D00CADE67 /* CleanView.swift */; };
		BEB4749220F08CEB00CADE67 /* Constants.swift in Sources */ = {isa = PBXBuildFile; fileRef = BEB4749120F08CEB00CADE67 /* Constants.swift */; };
		BEC2CAE220F4512B003815AC /* RoundBtn.swift in Sources */ = {isa = PBXBuildFile; fileRef = BEC2CAE120F4512B003815AC /* RoundBtn.swift */; };
		BEC2CAE420F452C5003815AC /* CleanField.swift in Sources */ = {isa = PBXBuildFile; fileRef = BEC2CAE320F452C5003815AC /* CleanField.swift */; };
		BEC2CAE620F46037003815AC /* CleanBtn.swift in Sources */ = {isa = PBXBuildFile; fileRef = BEC2CAE520F46037003815AC /* CleanBtn.swift */; };
/* End PBXBuildFile section */

/* Begin PBXFileReference section */
		90414FC39D74C18FF00C8D08 /* Pods-SocialMedia.release.xcconfig */ = {isa = PBXFileReference; includeInIndex = 1; lastKnownFileType = text.xcconfig; name = "Pods-SocialMedia.release.xcconfig"; path = "Pods/Target Support Files/Pods-SocialMedia/Pods-SocialMedia.release.xcconfig"; sourceTree = "<group>"; };
		BE0AE0292104EB85002E0ABF /* SocialMedia.entitlements */ = {isa = PBXFileReference; lastKnownFileType = text.plist.entitlements; path = SocialMedia.entitlements; sourceTree = "<group>"; };
		BE1CEB2020EEE9F700B78FD7 /* SocialMedia.app */ = {isa = PBXFileReference; explicitFileType = wrapper.application; includeInIndex = 0; path = SocialMedia.app; sourceTree = BUILT_PRODUCTS_DIR; };
		BE1CEB2320EEE9F700B78FD7 /* AppDelegate.swift */ = {isa = PBXFileReference; lastKnownFileType = sourcecode.swift; path = AppDelegate.swift; sourceTree = "<group>"; };
		BE1CEB2520EEE9F700B78FD7 /* SignInVC.swift */ = {isa = PBXFileReference; lastKnownFileType = sourcecode.swift; path = SignInVC.swift; sourceTree = "<group>"; };
		BE1CEB2820EEE9F700B78FD7 /* Base */ = {isa = PBXFileReference; lastKnownFileType = file.storyboard; name = Base; path = Base.lproj/Main.storyboard; sourceTree = "<group>"; };
		BE1CEB2D20EEE9F700B78FD7 /* Base */ = {isa = PBXFileReference; lastKnownFileType = file.storyboard; name = Base; path = Base.lproj/LaunchScreen.storyboard; sourceTree = "<group>"; };
		BE1CEB2F20EEE9F700B78FD7 /* Info.plist */ = {isa = PBXFileReference; lastKnownFileType = text.plist.xml; path = Info.plist; sourceTree = "<group>"; };
		BE1CEB3520EEEAAA00B78FD7 /* GoogleService-Info.plist */ = {isa = PBXFileReference; fileEncoding = 4; lastKnownFileType = text.plist.xml; path = "GoogleService-Info.plist"; sourceTree = "<group>"; };
		BEA37427210976BD00692FCA /* CircleView.swift */ = {isa = PBXFileReference; lastKnownFileType = sourcecode.swift; path = CircleView.swift; sourceTree = "<group>"; };
		BEA3742B21098A0000692FCA /* PostingCell.swift */ = {isa = PBXFileReference; lastKnownFileType = sourcecode.swift; path = PostingCell.swift; sourceTree = "<group>"; };
		BEAA80712106C18C001A2675 /* TimeLineVC.swift */ = {isa = PBXFileReference; lastKnownFileType = sourcecode.swift; path = TimeLineVC.swift; sourceTree = "<group>"; };
		BEB4748820F0808700CADE67 /* Assets.xcassets */ = {isa = PBXFileReference; lastKnownFileType = folder.assetcatalog; path = Assets.xcassets; sourceTree = "<group>"; };
		BEB4748E20F08C5D00CADE67 /* CleanView.swift */ = {isa = PBXFileReference; lastKnownFileType = sourcecode.swift; path = CleanView.swift; sourceTree = "<group>"; };
		BEB4749120F08CEB00CADE67 /* Constants.swift */ = {isa = PBXFileReference; lastKnownFileType = sourcecode.swift; path = Constants.swift; sourceTree = "<group>"; };
		BEC2CAE120F4512B003815AC /* RoundBtn.swift */ = {isa = PBXFileReference; lastKnownFileType = sourcecode.swift; path = RoundBtn.swift; sourceTree = "<group>"; };
		BEC2CAE320F452C5003815AC /* CleanField.swift */ = {isa = PBXFileReference; lastKnownFileType = sourcecode.swift; path = CleanField.swift; sourceTree = "<group>"; };
		BEC2CAE520F46037003815AC /* CleanBtn.swift */ = {isa = PBXFileReference; lastKnownFileType = sourcecode.swift; path = CleanBtn.swift; sourceTree = "<group>"; };
		EA65B6B64E3C0758D2081A4F /* Pods-SocialMedia.debug.xcconfig */ = {isa = PBXFileReference; includeInIndex = 1; lastKnownFileType = text.xcconfig; name = "Pods-SocialMedia.debug.xcconfig"; path = "Pods/Target Support Files/Pods-SocialMedia/Pods-SocialMedia.debug.xcconfig"; sourceTree = "<group>"; };
		F1E95E93F37B55D89CE45D30 /* Pods_SocialMedia.framework */ = {isa = PBXFileReference; explicitFileType = wrapper.framework; includeInIndex = 0; path = Pods_SocialMedia.framework; sourceTree = BUILT_PRODUCTS_DIR; };
/* End PBXFileReference section */

/* Begin PBXFrameworksBuildPhase section */
		BE1CEB1D20EEE9F700B78FD7 /* Frameworks */ = {
			isa = PBXFrameworksBuildPhase;
			buildActionMask = 2147483647;
			files = (
				574C2BDC47753737B3BCE41B /* Pods_SocialMedia.framework in Frameworks */,
			);
			runOnlyForDeploymentPostprocessing = 0;
		};
/* End PBXFrameworksBuildPhase section */

/* Begin PBXGroup section */
		132358833D326245F083A65C /* Pods */ = {
			isa = PBXGroup;
			children = (
				EA65B6B64E3C0758D2081A4F /* Pods-SocialMedia.debug.xcconfig */,
				90414FC39D74C18FF00C8D08 /* Pods-SocialMedia.release.xcconfig */,
			);
			name = Pods;
			sourceTree = "<group>";
		};
		556135FB131C5DD72543A9B2 /* Frameworks */ = {
			isa = PBXGroup;
			children = (
				F1E95E93F37B55D89CE45D30 /* Pods_SocialMedia.framework */,
			);
			name = Frameworks;
			sourceTree = "<group>";
		};
		BE1CEB1720EEE9F600B78FD7 = {
			isa = PBXGroup;
			children = (
				BE1CEB2220EEE9F700B78FD7 /* SocialMedia */,
				BE1CEB2120EEE9F700B78FD7 /* Products */,
				132358833D326245F083A65C /* Pods */,
				556135FB131C5DD72543A9B2 /* Frameworks */,
			);
			sourceTree = "<group>";
		};
		BE1CEB2120EEE9F700B78FD7 /* Products */ = {
			isa = PBXGroup;
			children = (
				BE1CEB2020EEE9F700B78FD7 /* SocialMedia.app */,
			);
			name = Products;
			sourceTree = "<group>";
		};
		BE1CEB2220EEE9F700B78FD7 /* SocialMedia */ = {
			isa = PBXGroup;
			children = (
				BE0AE0292104EB85002E0ABF /* SocialMedia.entitlements */,
				BEB4749020F08CDB00CADE67 /* Util */,
				BEB4748D20F08C1200CADE67 /* View */,
				BE95A5BB20EF115B0061D357 /* Controller */,
				BE95A5BA20EF114D0061D357 /* Model */,
				BE1CEB2320EEE9F700B78FD7 /* AppDelegate.swift */,
				BE1CEB2720EEE9F700B78FD7 /* Main.storyboard */,
				BEB4748820F0808700CADE67 /* Assets.xcassets */,
				BE1CEB2C20EEE9F700B78FD7 /* LaunchScreen.storyboard */,
				BE1CEB2F20EEE9F700B78FD7 /* Info.plist */,
				BE1CEB3520EEEAAA00B78FD7 /* GoogleService-Info.plist */,
			);
			path = SocialMedia;
			sourceTree = "<group>";
		};
		BE95A5BA20EF114D0061D357 /* Model */ = {
			isa = PBXGroup;
			children = (
			);
			path = Model;
			sourceTree = "<group>";
		};
		BE95A5BB20EF115B0061D357 /* Controller */ = {
			isa = PBXGroup;
			children = (
				BE1CEB2520EEE9F700B78FD7 /* SignInVC.swift */,
				BEAA80712106C18C001A2675 /* TimeLineVC.swift */,
			);
			path = Controller;
			sourceTree = "<group>";
		};
		BEB4748D20F08C1200CADE67 /* View */ = {
			isa = PBXGroup;
			children = (
				BEB4748E20F08C5D00CADE67 /* CleanView.swift */,
				BEC2CAE120F4512B003815AC /* RoundBtn.swift */,
				BEC2CAE320F452C5003815AC /* CleanField.swift */,
				BEC2CAE520F46037003815AC /* CleanBtn.swift */,
				BEA37427210976BD00692FCA /* CircleView.swift */,
				BEA3742B21098A0000692FCA /* PostingCell.swift */,
			);
			path = View;
			sourceTree = "<group>";
		};
		BEB4749020F08CDB00CADE67 /* Util */ = {
			isa = PBXGroup;
			children = (
				BEB4749120F08CEB00CADE67 /* Constants.swift */,
			);
			path = Util;
			sourceTree = "<group>";
		};
/* End PBXGroup section */

/* Begin PBXNativeTarget section */
		BE1CEB1F20EEE9F700B78FD7 /* SocialMedia */ = {
			isa = PBXNativeTarget;
			buildConfigurationList = BE1CEB3220EEE9F700B78FD7 /* Build configuration list for PBXNativeTarget "SocialMedia" */;
			buildPhases = (
				C0D2FBEBC52E8F6D77E42148 /* [CP] Check Pods Manifest.lock */,
				BE1CEB1C20EEE9F700B78FD7 /* Sources */,
				BE1CEB1D20EEE9F700B78FD7 /* Frameworks */,
				BE1CEB1E20EEE9F700B78FD7 /* Resources */,
				DB5DEE4DFA8499FAD56248A6 /* [CP] Embed Pods Frameworks */,
			);
			buildRules = (
			);
			dependencies = (
			);
			name = SocialMedia;
			productName = SocialMedia;
			productReference = BE1CEB2020EEE9F700B78FD7 /* SocialMedia.app */;
			productType = "com.apple.product-type.application";
		};
/* End PBXNativeTarget section */

/* Begin PBXProject section */
		BE1CEB1820EEE9F600B78FD7 /* Project object */ = {
			isa = PBXProject;
			attributes = {
				LastSwiftUpdateCheck = 0920;
				LastUpgradeCheck = 0920;
				ORGANIZATIONNAME = Munji;
				TargetAttributes = {
					BE1CEB1F20EEE9F700B78FD7 = {
						CreatedOnToolsVersion = 9.2;
						ProvisioningStyle = Automatic;
						SystemCapabilities = {
							com.apple.Keychain = {
								enabled = 0;
							};
						};
					};
				};
			};
			buildConfigurationList = BE1CEB1B20EEE9F600B78FD7 /* Build configuration list for PBXProject "SocialMedia" */;
			compatibilityVersion = "Xcode 8.0";
			developmentRegion = en;
			hasScannedForEncodings = 0;
			knownRegions = (
				en,
				Base,
			);
			mainGroup = BE1CEB1720EEE9F600B78FD7;
			productRefGroup = BE1CEB2120EEE9F700B78FD7 /* Products */;
			projectDirPath = "";
			projectRoot = "";
			targets = (
				BE1CEB1F20EEE9F700B78FD7 /* SocialMedia */,
			);
		};
/* End PBXProject section */

/* Begin PBXResourcesBuildPhase section */
		BE1CEB1E20EEE9F700B78FD7 /* Resources */ = {
			isa = PBXResourcesBuildPhase;
			buildActionMask = 2147483647;
			files = (
				BE1CEB2E20EEE9F700B78FD7 /* LaunchScreen.storyboard in Resources */,
				BE1CEB3620EEEAAA00B78FD7 /* GoogleService-Info.plist in Resources */,
				BEB4748920F0808700CADE67 /* Assets.xcassets in Resources */,
				BE1CEB2920EEE9F700B78FD7 /* Main.storyboard in Resources */,
			);
			runOnlyForDeploymentPostprocessing = 0;
		};
/* End PBXResourcesBuildPhase section */

/* Begin PBXShellScriptBuildPhase section */
		C0D2FBEBC52E8F6D77E42148 /* [CP] Check Pods Manifest.lock */ = {
			isa = PBXShellScriptBuildPhase;
			buildActionMask = 2147483647;
			files = (
			);
			inputPaths = (
				"${PODS_PODFILE_DIR_PATH}/Podfile.lock",
				"${PODS_ROOT}/Manifest.lock",
			);
			name = "[CP] Check Pods Manifest.lock";
			outputPaths = (
				"$(DERIVED_FILE_DIR)/Pods-SocialMedia-checkManifestLockResult.txt",
			);
			runOnlyForDeploymentPostprocessing = 0;
			shellPath = /bin/sh;
			shellScript = "diff \"${PODS_PODFILE_DIR_PATH}/Podfile.lock\" \"${PODS_ROOT}/Manifest.lock\" > /dev/null\nif [ $? != 0 ] ; then\n    # print error to STDERR\n    echo \"error: The sandbox is not in sync with the Podfile.lock. Run 'pod install' or update your CocoaPods installation.\" >&2\n    exit 1\nfi\n# This output is used by Xcode 'outputs' to avoid re-running this script phase.\necho \"SUCCESS\" > \"${SCRIPT_OUTPUT_FILE_0}\"\n";
			showEnvVarsInLog = 0;
		};
		DB5DEE4DFA8499FAD56248A6 /* [CP] Embed Pods Frameworks */ = {
			isa = PBXShellScriptBuildPhase;
			buildActionMask = 2147483647;
			files = (
			);
			inputPaths = (
				"${SRCROOT}/Pods/Target Support Files/Pods-SocialMedia/Pods-SocialMedia-frameworks.sh",
				"${BUILT_PRODUCTS_DIR}/Bolts/Bolts.framework",
				"${BUILT_PRODUCTS_DIR}/FBSDKCoreKit/FBSDKCoreKit.framework",
				"${BUILT_PRODUCTS_DIR}/FBSDKLoginKit/FBSDKLoginKit.framework",
				"${BUILT_PRODUCTS_DIR}/GTMSessionFetcher/GTMSessionFetcher.framework",
				"${BUILT_PRODUCTS_DIR}/GoogleToolboxForMac/GoogleToolboxForMac.framework",
				"${BUILT_PRODUCTS_DIR}/SwiftKeychainWrapper/SwiftKeychainWrapper.framework",
				"${BUILT_PRODUCTS_DIR}/leveldb-library/leveldb.framework",
				"${BUILT_PRODUCTS_DIR}/nanopb/nanopb.framework",
			);
			name = "[CP] Embed Pods Frameworks";
			outputPaths = (
				"${TARGET_BUILD_DIR}/${FRAMEWORKS_FOLDER_PATH}/Bolts.framework",
				"${TARGET_BUILD_DIR}/${FRAMEWORKS_FOLDER_PATH}/FBSDKCoreKit.framework",
				"${TARGET_BUILD_DIR}/${FRAMEWORKS_FOLDER_PATH}/FBSDKLoginKit.framework",
				"${TARGET_BUILD_DIR}/${FRAMEWORKS_FOLDER_PATH}/GTMSessionFetcher.framework",
				"${TARGET_BUILD_DIR}/${FRAMEWORKS_FOLDER_PATH}/GoogleToolboxForMac.framework",
				"${TARGET_BUILD_DIR}/${FRAMEWORKS_FOLDER_PATH}/SwiftKeychainWrapper.framework",
				"${TARGET_BUILD_DIR}/${FRAMEWORKS_FOLDER_PATH}/leveldb.framework",
				"${TARGET_BUILD_DIR}/${FRAMEWORKS_FOLDER_PATH}/nanopb.framework",
			);
			runOnlyForDeploymentPostprocessing = 0;
			shellPath = /bin/sh;
			shellScript = "\"${SRCROOT}/Pods/Target Support Files/Pods-SocialMedia/Pods-SocialMedia-frameworks.sh\"\n";
			showEnvVarsInLog = 0;
		};
/* End PBXShellScriptBuildPhase section */

/* Begin PBXSourcesBuildPhase section */
		BE1CEB1C20EEE9F700B78FD7 /* Sources */ = {
			isa = PBXSourcesBuildPhase;
			buildActionMask = 2147483647;
			files = (
				BEA3742C21098A0000692FCA /* PostingCell.swift in Sources */,
				BEA37428210976BD00692FCA /* CircleView.swift in Sources */,
				BEC2CAE420F452C5003815AC /* CleanField.swift in Sources */,
				BEC2CAE620F46037003815AC /* CleanBtn.swift in Sources */,
				BE1CEB2620EEE9F700B78FD7 /* SignInVC.swift in Sources */,
				BEAA80722106C18C001A2675 /* TimeLineVC.swift in Sources */,
				BEC2CAE220F4512B003815AC /* RoundBtn.swift in Sources */,
				BE1CEB2420EEE9F700B78FD7 /* AppDelegate.swift in Sources */,
				BEB4748F20F08C5D00CADE67 /* CleanView.swift in Sources */,
				BEB4749220F08CEB00CADE67 /* Constants.swift in Sources */,
			);
			runOnlyForDeploymentPostprocessing = 0;
		};
/* End PBXSourcesBuildPhase section */

/* Begin PBXVariantGroup section */
		BE1CEB2720EEE9F700B78FD7 /* Main.storyboard */ = {
			isa = PBXVariantGroup;
			children = (
				BE1CEB2820EEE9F700B78FD7 /* Base */,
			);
			name = Main.storyboard;
			sourceTree = "<group>";
		};
		BE1CEB2C20EEE9F700B78FD7 /* LaunchScreen.storyboard */ = {
			isa = PBXVariantGroup;
			children = (
				BE1CEB2D20EEE9F700B78FD7 /* Base */,
			);
			name = LaunchScreen.storyboard;
			sourceTree = "<group>";
		};
/* End PBXVariantGroup section */

/* Begin XCBuildConfiguration section */
		BE1CEB3020EEE9F700B78FD7 /* Debug */ = {
			isa = XCBuildConfiguration;
			buildSettings = {
				ALWAYS_SEARCH_USER_PATHS = NO;
				CLANG_ANALYZER_NONNULL = YES;
				CLANG_ANALYZER_NUMBER_OBJECT_CONVERSION = YES_AGGRESSIVE;
				CLANG_CXX_LANGUAGE_STANDARD = "gnu++14";
				CLANG_CXX_LIBRARY = "libc++";
				CLANG_ENABLE_MODULES = YES;
				CLANG_ENABLE_OBJC_ARC = YES;
				CLANG_WARN_BLOCK_CAPTURE_AUTORELEASING = YES;
				CLANG_WARN_BOOL_CONVERSION = YES;
				CLANG_WARN_COMMA = YES;
				CLANG_WARN_CONSTANT_CONVERSION = YES;
				CLANG_WARN_DIRECT_OBJC_ISA_USAGE = YES_ERROR;
				CLANG_WARN_DOCUMENTATION_COMMENTS = YES;
				CLANG_WARN_EMPTY_BODY = YES;
				CLANG_WARN_ENUM_CONVERSION = YES;
				CLANG_WARN_INFINITE_RECURSION = YES;
				CLANG_WARN_INT_CONVERSION = YES;
				CLANG_WARN_NON_LITERAL_NULL_CONVERSION = YES;
				CLANG_WARN_OBJC_LITERAL_CONVERSION = YES;
				CLANG_WARN_OBJC_ROOT_CLASS = YES_ERROR;
				CLANG_WARN_RANGE_LOOP_ANALYSIS = YES;
				CLANG_WARN_STRICT_PROTOTYPES = YES;
				CLANG_WARN_SUSPICIOUS_MOVE = YES;
				CLANG_WARN_UNGUARDED_AVAILABILITY = YES_AGGRESSIVE;
				CLANG_WARN_UNREACHABLE_CODE = YES;
				CLANG_WARN__DUPLICATE_METHOD_MATCH = YES;
				CODE_SIGN_IDENTITY = "iPhone Developer";
				COPY_PHASE_STRIP = NO;
				DEBUG_INFORMATION_FORMAT = dwarf;
				ENABLE_STRICT_OBJC_MSGSEND = YES;
				ENABLE_TESTABILITY = YES;
				GCC_C_LANGUAGE_STANDARD = gnu11;
				GCC_DYNAMIC_NO_PIC = NO;
				GCC_NO_COMMON_BLOCKS = YES;
				GCC_OPTIMIZATION_LEVEL = 0;
				GCC_PREPROCESSOR_DEFINITIONS = (
					"DEBUG=1",
					"$(inherited)",
				);
				GCC_WARN_64_TO_32_BIT_CONVERSION = YES;
				GCC_WARN_ABOUT_RETURN_TYPE = YES_ERROR;
				GCC_WARN_UNDECLARED_SELECTOR = YES;
				GCC_WARN_UNINITIALIZED_AUTOS = YES_AGGRESSIVE;
				GCC_WARN_UNUSED_FUNCTION = YES;
				GCC_WARN_UNUSED_VARIABLE = YES;
				IPHONEOS_DEPLOYMENT_TARGET = 11.2;
				MTL_ENABLE_DEBUG_INFO = YES;
				ONLY_ACTIVE_ARCH = YES;
				SDKROOT = iphoneos;
				SWIFT_ACTIVE_COMPILATION_CONDITIONS = DEBUG;
				SWIFT_OPTIMIZATION_LEVEL = "-Onone";
			};
			name = Debug;
		};
		BE1CEB3120EEE9F700B78FD7 /* Release */ = {
			isa = XCBuildConfiguration;
			buildSettings = {
				ALWAYS_SEARCH_USER_PATHS = NO;
				CLANG_ANALYZER_NONNULL = YES;
				CLANG_ANALYZER_NUMBER_OBJECT_CONVERSION = YES_AGGRESSIVE;
				CLANG_CXX_LANGUAGE_STANDARD = "gnu++14";
				CLANG_CXX_LIBRARY = "libc++";
				CLANG_ENABLE_MODULES = YES;
				CLANG_ENABLE_OBJC_ARC = YES;
				CLANG_WARN_BLOCK_CAPTURE_AUTORELEASING = YES;
				CLANG_WARN_BOOL_CONVERSION = YES;
				CLANG_WARN_COMMA = YES;
				CLANG_WARN_CONSTANT_CONVERSION = YES;
				CLANG_WARN_DIRECT_OBJC_ISA_USAGE = YES_ERROR;
				CLANG_WARN_DOCUMENTATION_COMMENTS = YES;
				CLANG_WARN_EMPTY_BODY = YES;
				CLANG_WARN_ENUM_CONVERSION = YES;
				CLANG_WARN_INFINITE_RECURSION = YES;
				CLANG_WARN_INT_CONVERSION = YES;
				CLANG_WARN_NON_LITERAL_NULL_CONVERSION = YES;
				CLANG_WARN_OBJC_LITERAL_CONVERSION = YES;
				CLANG_WARN_OBJC_ROOT_CLASS = YES_ERROR;
				CLANG_WARN_RANGE_LOOP_ANALYSIS = YES;
				CLANG_WARN_STRICT_PROTOTYPES = YES;
				CLANG_WARN_SUSPICIOUS_MOVE = YES;
				CLANG_WARN_UNGUARDED_AVAILABILITY = YES_AGGRESSIVE;
				CLANG_WARN_UNREACHABLE_CODE = YES;
				CLANG_WARN__DUPLICATE_METHOD_MATCH = YES;
				CODE_SIGN_IDENTITY = "iPhone Developer";
				COPY_PHASE_STRIP = NO;
				DEBUG_INFORMATION_FORMAT = "dwarf-with-dsym";
				ENABLE_NS_ASSERTIONS = NO;
				ENABLE_STRICT_OBJC_MSGSEND = YES;
				GCC_C_LANGUAGE_STANDARD = gnu11;
				GCC_NO_COMMON_BLOCKS = YES;
				GCC_WARN_64_TO_32_BIT_CONVERSION = YES;
				GCC_WARN_ABOUT_RETURN_TYPE = YES_ERROR;
				GCC_WARN_UNDECLARED_SELECTOR = YES;
				GCC_WARN_UNINITIALIZED_AUTOS = YES_AGGRESSIVE;
				GCC_WARN_UNUSED_FUNCTION = YES;
				GCC_WARN_UNUSED_VARIABLE = YES;
				IPHONEOS_DEPLOYMENT_TARGET = 11.2;
				MTL_ENABLE_DEBUG_INFO = NO;
				SDKROOT = iphoneos;
				SWIFT_OPTIMIZATION_LEVEL = "-Owholemodule";
				VALIDATE_PRODUCT = YES;
			};
			name = Release;
		};
		BE1CEB3320EEE9F700B78FD7 /* Debug */ = {
			isa = XCBuildConfiguration;
			baseConfigurationReference = EA65B6B64E3C0758D2081A4F /* Pods-SocialMedia.debug.xcconfig */;
			buildSettings = {
				ASSETCATALOG_COMPILER_APPICON_NAME = AppIcon;
				CODE_SIGN_STYLE = Automatic;
				DEVELOPMENT_TEAM = PGJVRN26M6;
				INFOPLIST_FILE = SocialMedia/Info.plist;
				LD_RUNPATH_SEARCH_PATHS = "$(inherited) @executable_path/Frameworks";
				PRODUCT_BUNDLE_IDENTIFIER = MunjiKahalah.SocialMedia;
				PRODUCT_NAME = "$(TARGET_NAME)";
				SWIFT_VERSION = 4.0;
				TARGETED_DEVICE_FAMILY = "1,2";
			};
			name = Debug;
		};
		BE1CEB3420EEE9F700B78FD7 /* Release */ = {
			isa = XCBuildConfiguration;
			baseConfigurationReference = 90414FC39D74C18FF00C8D08 /* Pods-SocialMedia.release.xcconfig */;
			buildSettings = {
				ASSETCATALOG_COMPILER_APPICON_NAME = AppIcon;
				CODE_SIGN_STYLE = Automatic;
				DEVELOPMENT_TEAM = PGJVRN26M6;
				INFOPLIST_FILE = SocialMedia/Info.plist;
				LD_RUNPATH_SEARCH_PATHS = "$(inherited) @executable_path/Frameworks";
				PRODUCT_BUNDLE_IDENTIFIER = MunjiKahalah.SocialMedia;
				PRODUCT_NAME = "$(TARGET_NAME)";
				SWIFT_VERSION = 4.0;
				TARGETED_DEVICE_FAMILY = "1,2";
			};
			name = Release;
		};
/* End XCBuildConfiguration section */

/* Begin XCConfigurationList section */
		BE1CEB1B20EEE9F600B78FD7 /* Build configuration list for PBXProject "SocialMedia" */ = {
			isa = XCConfigurationList;
			buildConfigurations = (
				BE1CEB3020EEE9F700B78FD7 /* Debug */,
				BE1CEB3120EEE9F700B78FD7 /* Release */,
			);
			defaultConfigurationIsVisible = 0;
			defaultConfigurationName = Release;
		};
		BE1CEB3220EEE9F700B78FD7 /* Build configuration list for PBXNativeTarget "SocialMedia" */ = {
			isa = XCConfigurationList;
			buildConfigurations = (
				BE1CEB3320EEE9F700B78FD7 /* Debug */,
				BE1CEB3420EEE9F700B78FD7 /* Release */,
			);
			defaultConfigurationIsVisible = 0;
			defaultConfigurationName = Release;
		};
/* End XCConfigurationList section */
	};
	rootObject = BE1CEB1820EEE9F600B78FD7 /* Project object */;
}
